Microsoft Visual Studio Solution File, Format Version 12.00
## Visual Studio 2012
Project("{FAE04EC0-301F-11D3-BF4B-00C04F79EFBC}") = "CatGirlBoomerShooter", "CatGirlBoomerShooter.csproj", "{927FEA13-6564-4B9E-B440-836EF8AE4AD0}"
EndProject
Global
	GlobalSection(SolutionConfigurationPlatforms) = preSolution
	Debug|Any CPU = Debug|Any CPU
	ExportDebug|Any CPU = ExportDebug|Any CPU
	ExportRelease|Any CPU = ExportRelease|Any CPU
	EndGlobalSection
	GlobalSection(ProjectConfigurationPlatforms) = postSolution
		{927FEA13-6564-4B9E-B440-836EF8AE4AD0}.Debug|Any CPU.ActiveCfg = Debug|Any CPU
		{927FEA13-6564-4B9E-B440-836EF8AE4AD0}.Debug|Any CPU.Build.0 = Debug|Any CPU
		{927FEA13-6564-4B9E-B440-836EF8AE4AD0}.ExportDebug|Any CPU.ActiveCfg = ExportDebug|Any CPU
		{927FEA13-6564-4B9E-B440-836EF8AE4AD0}.ExportDebug|Any CPU.Build.0 = ExportDebug|Any CPU
		{927FEA13-6564-4B9E-B440-836EF8AE4AD0}.ExportRelease|Any CPU.ActiveCfg = ExportRelease|Any CPU
		{927FEA13-6564-4B9E-B440-836EF8AE4AD0}.ExportRelease|Any CPU.Build.0 = ExportRelease|Any CPU
	EndGlobalSection
EndGlobal
